
Microsoft Visual Studio Solution File, Format Version 12.00
# Visual Studio Version 17
VisualStudioVersion = 17.0.31919.166
MinimumVisualStudioVersion = 10.0.40219.1
Project("{FAE04EC0-301F-11D3-BF4B-00C04F79EFBC}") = "03.01.2022(проверка на четность)", "03.01.2022(проверка на четность)\03.01.2022(проверка на четность).csproj", "{8728BE02-6BE7-4E20-AFFF-CD31D8DD0572}"
EndProject
Global
	GlobalSection(SolutionConfigurationPlatforms) = preSolution
		Debug|Any CPU = Debug|Any CPU
		Release|Any CPU = Release|Any CPU
	EndGlobalSection
	GlobalSection(ProjectConfigurationPlatforms) = postSolution
		{8728BE02-6BE7-4E20-AFFF-CD31D8DD0572}.Debug|Any CPU.ActiveCfg = Debug|Any CPU
		{8728BE02-6BE7-4E20-AFFF-CD31D8DD0572}.Debug|Any CPU.Build.0 = Debug|Any CPU
		{8728BE02-6BE7-4E20-AFFF-CD31D8DD0572}.Release|Any CPU.ActiveCfg = Release|Any CPU
		{8728BE02-6BE7-4E20-AFFF-CD31D8DD0572}.Release|Any CPU.Build.0 = Release|Any CPU
	EndGlobalSection
	GlobalSection(SolutionProperties) = preSolution
		HideSolutionNode = FALSE
	EndGlobalSection
	GlobalSection(ExtensibilityGlobals) = postSolution
		SolutionGuid = {DB34AC78-5876-4548-9F11-323DD75EC1C5}
	EndGlobalSection
EndGlobal
