
Microsoft Visual Studio Solution File, Format Version 12.00
# Visual Studio Version 17
VisualStudioVersion = 17.0.31919.166
MinimumVisualStudioVersion = 10.0.40219.1
Project("{FAE04EC0-301F-11D3-BF4B-00C04F79EFBC}") = "22.12.2021(number)", "22.12.2021(number)\22.12.2021(number).csproj", "{2C08092D-DE9F-4A4F-934D-4CB3F028341B}"
EndProject
Global
	GlobalSection(SolutionConfigurationPlatforms) = preSolution
		Debug|Any CPU = Debug|Any CPU
		Release|Any CPU = Release|Any CPU
	EndGlobalSection
	GlobalSection(ProjectConfigurationPlatforms) = postSolution
		{2C08092D-DE9F-4A4F-934D-4CB3F028341B}.Debug|Any CPU.ActiveCfg = Debug|Any CPU
		{2C08092D-DE9F-4A4F-934D-4CB3F028341B}.Debug|Any CPU.Build.0 = Debug|Any CPU
		{2C08092D-DE9F-4A4F-934D-4CB3F028341B}.Release|Any CPU.ActiveCfg = Release|Any CPU
		{2C08092D-DE9F-4A4F-934D-4CB3F028341B}.Release|Any CPU.Build.0 = Release|Any CPU
	EndGlobalSection
	GlobalSection(SolutionProperties) = preSolution
		HideSolutionNode = FALSE
	EndGlobalSection
	GlobalSection(ExtensibilityGlobals) = postSolution
		SolutionGuid = {4F85B809-0362-4C3F-90F7-13A980D0DDB8}
	EndGlobalSection
EndGlobal
